<?xml version="1.0" encoding="utf-8"?>
<Project ToolsVersion="4.0" xmlns="http://schemas.microsoft.com/developer/msbuild/2003">
  <ItemGroup>
    <Filter Include="源文件">
      <UniqueIdentifier>{4FC737F1-C7A5-4376-A066-2A32D752A2FF}</UniqueIdentifier>
      <Extensions>cpp;c;cc;cxx;def;odl;idl;hpj;bat;asm;asmx</Extensions>
    </Filter>
    <Filter Include="头文件">
      <UniqueIdentifier>{93995380-89BD-4b04-88EB-625FBE52EBFB}</UniqueIdentifier>
      <Extensions>h;hpp;hxx;hm;inl;inc;xsd</Extensions>
    </Filter>
    <Filter Include="资源文件">
      <UniqueIdentifier>{67DA6AB6-F800-4c08-8B7A-83BB121AAD01}</UniqueIdentifier>
      <Extensions>rc;ico;cur;bmp;dlg;rc2;rct;bin;rgs;gif;jpg;jpeg;jpe;resx;tiff;tif;png;wav;mfcribbon-ms</Extensions>
    </Filter>
  </ItemGroup>
  <ItemGroup>
    <None Include="ReadMe.txt" />
    <None Include="res\ScreenCapture.rc2">
      <Filter>资源文件</Filter>
    </None>
    <None Include="res\ScreenCapture.ico">
      <Filter>资源文件</Filter>
    </None>
    <None Include="img\cancel_mouse_in.bmp">
      <Filter>资源文件</Filter>
    </None>
    <None Include="img\arrow_default.bmp">
      <Filter>资源文件</Filter>
    </None>
    <None Include="img\arrow_mouse_clicked.bmp">
      <Filter>资源文件</Filter>
    </None>
    <None Include="img\arrow_mouse_in.bmp">
      <Filter>资源文件</Filter>
    </None>
    <None Include="img\cancel_default.bmp">
      <Filter>资源文件</Filter>
    </None>
    <None Include="img\cancel_mouse_clicked.bmp">
      <Filter>资源文件</Filter>
    </None>
    <None Include="img\circle_default.bmp">
      <Filter>资源文件</Filter>
    </None>
    <None Include="img\circle_mouse_clicked.bmp">
      <Filter>资源文件</Filter>
    </None>
    <None Include="img\circle_mouse_in.bmp">
      <Filter>资源文件</Filter>
    </None>
    <None Include="img\ok_default.bmp">
      <Filter>资源文件</Filter>
    </None>
    <None Include="img\ok_mouse_clicked.bmp">
      <Filter>资源文件</Filter>
    </None>
    <None Include="img\ok_mouse_in.bmp">
      <Filter>资源文件</Filter>
    </None>
    <None Include="img\rect_default.bmp">
      <Filter>资源文件</Filter>
    </None>
    <None Include="img\rect_mouse_clicked.bmp">
      <Filter>资源文件</Filter>
    </None>
    <None Include="img\rect_mouse_in.bmp">
      <Filter>资源文件</Filter>
    </None>
    <None Include="img\save_default.bmp">
      <Filter>资源文件</Filter>
    </None>
    <None Include="img\save_mouse_clicked.bmp">
      <Filter>资源文件</Filter>
    </None>
    <None Include="img\save_mouse_in.bmp">
      <Filter>资源文件</Filter>
    </None>
    <None Include="img\text_default.bmp">
      <Filter>资源文件</Filter>
    </None>
    <None Include="img\text_mouse_clicked.bmp">
      <Filter>资源文件</Filter>
    </None>
    <None Include="img\text_mouse_in.bmp">
      <Filter>资源文件</Filter>
    </None>
    <None Include="img\undo_default.bmp">
      <Filter>资源文件</Filter>
    </None>
    <None Include="img\undo_mouse_clicked.bmp">
      <Filter>资源文件</Filter>
    </None>
    <None Include="img\undo_mouse_in.bmp">
      <Filter>资源文件</Filter>
    </None>
  </ItemGroup>
  <ItemGroup>
    <ClInclude Include="stdafx.h">
      <Filter>头文件</Filter>
    </ClInclude>
    <ClInclude Include="targetver.h">
      <Filter>头文件</Filter>
    </ClInclude>
    <ClInclude Include="Resource.h">
      <Filter>头文件</Filter>
    </ClInclude>
    <ClInclude Include="include\ScreenCaptureDlg.h">
      <Filter>头文件</Filter>
    </ClInclude>
    <ClInclude Include="include\SCToolBar.h">
      <Filter>头文件</Filter>
    </ClInclude>
    <ClInclude Include="include\SCToolBarSet.h">
      <Filter>头文件</Filter>
    </ClInclude>
    <ClInclude Include="include\UserDraw.h">
      <Filter>头文件</Filter>
    </ClInclude>
    <ClInclude Include="include\ScreenCaptureApp.h">
      <Filter>头文件</Filter>
    </ClInclude>
    <ClInclude Include="include\base\base-def.h">
      <Filter>头文件</Filter>
    </ClInclude>
    <ClInclude Include="include\SCMonitor.h">
      <Filter>头文件</Filter>
    </ClInclude>
    <ClInclude Include="include\SCMonitorManager.h">
      <Filter>头文件</Filter>
    </ClInclude>
    <ClInclude Include="include\tool\select\SCSelectToolController.h">
      <Filter>头文件</Filter>
    </ClInclude>
    <ClInclude Include="include\tool\select\SCSelectToolView.h">
      <Filter>头文件</Filter>
    </ClInclude>
    <ClInclude Include="include\tool\base\SCBaseToolView.h">
      <Filter>头文件</Filter>
    </ClInclude>
    <ClInclude Include="include\tool\base\SCBaseTool.h">
      <Filter>头文件</Filter>
    </ClInclude>
    <ClInclude Include="include\SCDrawPanel.h">
      <Filter>头文件</Filter>
    </ClInclude>
    <ClInclude Include="include\base\SCObject.h">
      <Filter>头文件</Filter>
    </ClInclude>
    <ClInclude Include="include\tool\base\SCBaseToolController.h">
      <Filter>头文件</Filter>
    </ClInclude>
    <ClInclude Include="include\tool\select\SCSelectTool.h">
      <Filter>头文件</Filter>
    </ClInclude>
    <ClInclude Include="include\base\SCDC.h">
      <Filter>头文件</Filter>
    </ClInclude>
    <ClInclude Include="include\base\SCButton.h">
      <Filter>头文件</Filter>
    </ClInclude>
    <ClInclude Include="include\base\SCStatic.h">
      <Filter>头文件</Filter>
    </ClInclude>
    <ClInclude Include="include\tool\arrow\SCArrowTool.h">
      <Filter>头文件</Filter>
    </ClInclude>
    <ClInclude Include="include\tool\circle\SCCircleTool.h">
      <Filter>头文件</Filter>
    </ClInclude>
    <ClInclude Include="include\tool\mask\SCMaskTool.h">
      <Filter>头文件</Filter>
    </ClInclude>
    <ClInclude Include="include\tool\rectangle\SCRectangleTool.h">
      <Filter>头文件</Filter>
    </ClInclude>
    <ClInclude Include="include\tool\text\SCTextTool.h">
      <Filter>头文件</Filter>
    </ClInclude>
  </ItemGroup>
  <ItemGroup>
    <ClCompile Include="stdafx.cpp">
      <Filter>源文件</Filter>
    </ClCompile>
    <ClCompile Include="src\ScreenCaptureDlg.cpp">
      <Filter>源文件</Filter>
    </ClCompile>
    <ClCompile Include="src\SCToolBar.cpp">
      <Filter>源文件</Filter>
    </ClCompile>
    <ClCompile Include="src\SCToolBarSet.cpp">
      <Filter>源文件</Filter>
    </ClCompile>
    <ClCompile Include="src\UserDraw.cpp">
      <Filter>源文件</Filter>
    </ClCompile>
    <ClCompile Include="src\ScreenCaptureApp.cpp">
      <Filter>源文件</Filter>
    </ClCompile>
    <ClCompile Include="src\SCMonitor.cpp">
      <Filter>源文件</Filter>
    </ClCompile>
    <ClCompile Include="src\SCMonitorManager.cpp">
      <Filter>源文件</Filter>
    </ClCompile>
    <ClCompile Include="src\tool\select\SCSelectToolController.cpp">
      <Filter>源文件</Filter>
    </ClCompile>
    <ClCompile Include="src\tool\select\SCSelectToolView.cpp">
      <Filter>源文件</Filter>
    </ClCompile>
    <ClCompile Include="src\base\SCObject.cpp">
      <Filter>源文件</Filter>
    </ClCompile>
    <ClCompile Include="src\SCDrawPanel.cpp">
      <Filter>源文件</Filter>
    </ClCompile>
    <ClCompile Include="src\tool\select\SCSelectTool.cpp">
      <Filter>源文件</Filter>
    </ClCompile>
    <ClCompile Include="src\base\SCDC.cpp">
      <Filter>源文件</Filter>
    </ClCompile>
    <ClCompile Include="src\base\SCButton.cpp">
      <Filter>源文件</Filter>
    </ClCompile>
    <ClCompile Include="src\base\SCStatic.cpp">
      <Filter>源文件</Filter>
    </ClCompile>
    <ClCompile Include="src\tool\arrow\SCArrowTool.cpp">
      <Filter>源文件</Filter>
    </ClCompile>
    <ClCompile Include="src\tool\circle\SCCircleTool.cpp">
      <Filter>源文件</Filter>
    </ClCompile>
    <ClCompile Include="src\tool\mask\SCMaskTool.cpp">
      <Filter>源文件</Filter>
    </ClCompile>
    <ClCompile Include="src\tool\rectangle\SCRectangleTool.cpp">
      <Filter>源文件</Filter>
    </ClCompile>
    <ClCompile Include="src\tool\text\SCTextTool.cpp">
      <Filter>源文件</Filter>
    </ClCompile>
  </ItemGroup>
  <ItemGroup>
    <ResourceCompile Include="ScreenCapture.rc">
      <Filter>资源文件</Filter>
    </ResourceCompile>
  </ItemGroup>
</Project>